# This file is automatically @generated by Cargo.
# It is not intended for manual editing.
version = 4

[[package]]
name = "crossclip"
version = "0.1.0"
dependencies = [
 "crossclip-core",
 "crossclip-dbus",
 "crossclip-win",
]

[[package]]
name = "crossclip-core"
version = "0.1.0"

[[package]]
name = "crossclip-dbus"
version = "0.1.0"
dependencies = [
 "crossclip-core",
]

[[package]]
name = "crossclip-win"
version = "0.1.0"
dependencies = [
 "crossclip-core",
]
